
Microsoft Visual Studio Solution File, Format Version 12.00
# Visual Studio 15
VisualStudioVersion = 15.0.27703.2026
MinimumVisualStudioVersion = 10.0.40219.1
Project("{FAE04EC0-301F-11D3-BF4B-00C04F79EFBC}") = "RevenueCash.Models", "RevenueCash.Models\RevenueCash.Models.csproj", "{8A8CF37E-4B41-4DBA-959D-9C38017BD226}"
EndProject
Project("{FAE04EC0-301F-11D3-BF4B-00C04F79EFBC}") = "RevenueCash.UnitTests", "RevenueCash.UnitTests\RevenueCash.UnitTests.csproj", "{DD86EF48-7F33-4C5A-8920-7A3529824757}"
EndProject
Project("{FAE04EC0-301F-11D3-BF4B-00C04F79EFBC}") = "RevenueCash.WebUI", "RevenueCash.WebUI\RevenueCash.WebUI.csproj", "{CC2F64BF-BC8E-40F7-8B27-36739436F4F6}"
EndProject
Project("{FAE04EC0-301F-11D3-BF4B-00C04F79EFBC}") = "RevenueCash.ServicesLibrary", "RevenueCash.ServicesLibrary\RevenueCash.ServicesLibrary.csproj", "{1AB9449F-2AB1-492A-8595-24356A1B75D1}"
EndProject
Global
	GlobalSection(SolutionConfigurationPlatforms) = preSolution
		Debug|Any CPU = Debug|Any CPU
		Release|Any CPU = Release|Any CPU
	EndGlobalSection
	GlobalSection(ProjectConfigurationPlatforms) = postSolution
		{8A8CF37E-4B41-4DBA-959D-9C38017BD226}.Debug|Any CPU.ActiveCfg = Debug|Any CPU
		{8A8CF37E-4B41-4DBA-959D-9C38017BD226}.Debug|Any CPU.Build.0 = Debug|Any CPU
		{8A8CF37E-4B41-4DBA-959D-9C38017BD226}.Release|Any CPU.ActiveCfg = Release|Any CPU
		{8A8CF37E-4B41-4DBA-959D-9C38017BD226}.Release|Any CPU.Build.0 = Release|Any CPU
		{DD86EF48-7F33-4C5A-8920-7A3529824757}.Debug|Any CPU.ActiveCfg = Debug|Any CPU
		{DD86EF48-7F33-4C5A-8920-7A3529824757}.Debug|Any CPU.Build.0 = Debug|Any CPU
		{DD86EF48-7F33-4C5A-8920-7A3529824757}.Release|Any CPU.ActiveCfg = Release|Any CPU
		{DD86EF48-7F33-4C5A-8920-7A3529824757}.Release|Any CPU.Build.0 = Release|Any CPU
		{CC2F64BF-BC8E-40F7-8B27-36739436F4F6}.Debug|Any CPU.ActiveCfg = Debug|Any CPU
		{CC2F64BF-BC8E-40F7-8B27-36739436F4F6}.Debug|Any CPU.Build.0 = Debug|Any CPU
		{CC2F64BF-BC8E-40F7-8B27-36739436F4F6}.Release|Any CPU.ActiveCfg = Release|Any CPU
		{CC2F64BF-BC8E-40F7-8B27-36739436F4F6}.Release|Any CPU.Build.0 = Release|Any CPU
		{1AB9449F-2AB1-492A-8595-24356A1B75D1}.Debug|Any CPU.ActiveCfg = Debug|Any CPU
		{1AB9449F-2AB1-492A-8595-24356A1B75D1}.Debug|Any CPU.Build.0 = Debug|Any CPU
		{1AB9449F-2AB1-492A-8595-24356A1B75D1}.Release|Any CPU.ActiveCfg = Release|Any CPU
		{1AB9449F-2AB1-492A-8595-24356A1B75D1}.Release|Any CPU.Build.0 = Release|Any CPU
	EndGlobalSection
	GlobalSection(SolutionProperties) = preSolution
		HideSolutionNode = FALSE
	EndGlobalSection
	GlobalSection(ExtensibilityGlobals) = postSolution
		SolutionGuid = {A6F3A787-D65C-4A9F-816E-736D47C25C01}
	EndGlobalSection
EndGlobal
